// !$*UTF8*$!
{
	archiveVersion = 1;
	classes = {
	};
	objectVersion = 46;
	objects = {

/* Begin PBXBuildFile section */
		176C96E91A9EC68B003FEA3D /* main.m in Sources */ = {isa = PBXBuildFile; fileRef = 176C96E81A9EC68B003FEA3D /* main.m */; };
		176C96EC1A9EC68B003FEA3D /* AppDelegate.m in Sources */ = {isa = PBXBuildFile; fileRef = 176C96EB1A9EC68B003FEA3D /* AppDelegate.m */; };
		176C96F41A9EC68B003FEA3D /* Images.xcassets in Resources */ = {isa = PBXBuildFile; fileRef = 176C96F31A9EC68B003FEA3D /* Images.xcassets */; };
		176C96F71A9EC68B003FEA3D /* LaunchScreen.xib in Resources */ = {isa = PBXBuildFile; fileRef = 176C96F51A9EC68B003FEA3D /* LaunchScreen.xib */; };
		176C97031A9EC68C003FEA3D /* SmileyTests.m in Sources */ = {isa = PBXBuildFile; fileRef = 176C97021A9EC68C003FEA3D /* SmileyTests.m */; };
		176C97101A9EC705003FEA3D /* CanvasViewController.m in Sources */ = {isa = PBXBuildFile; fileRef = 176C970E1A9EC705003FEA3D /* CanvasViewController.m */; };
		176C97111A9EC705003FEA3D /* CanvasViewController.xib in Resources */ = {isa = PBXBuildFile; fileRef = 176C970F1A9EC705003FEA3D /* CanvasViewController.xib */; };
/* End PBXBuildFile section */

/* Begin PBXContainerItemProxy section */
		176C96FD1A9EC68C003FEA3D /* PBXContainerItemProxy */ = {
			isa = PBXContainerItemProxy;
			containerPortal = 176C96DB1A9EC68B003FEA3D /* Project object */;
			proxyType = 1;
			remoteGlobalIDString = 176C96E21A9EC68B003FEA3D;
			remoteInfo = Smiley;
		};
/* End PBXContainerItemProxy section */

/* Begin PBXFileReference section */
		176C96E31A9EC68B003FEA3D /* Smiley.app */ = {isa = PBXFileReference; explicitFileType = wrapper.application; includeInIndex = 0; path = Smiley.app; sourceTree = BUILT_PRODUCTS_DIR; };
		176C96E71A9EC68B003FEA3D /* Info.plist */ = {isa = PBXFileReference; lastKnownFileType = text.plist.xml; path = Info.plist; sourceTree = "<group>"; };
		176C96E81A9EC68B003FEA3D /* main.m */ = {isa = PBXFileReference; lastKnownFileType = sourcecode.c.objc; path = main.m; sourceTree = "<group>"; };
		176C96EA1A9EC68B003FEA3D /* AppDelegate.h */ = {isa = PBXFileReference; lastKnownFileType = sourcecode.c.h; path = AppDelegate.h; sourceTree = "<group>"; };
		176C96EB1A9EC68B003FEA3D /* AppDelegate.m */ = {isa = PBXFileReference; lastKnownFileType = sourcecode.c.objc; path = AppDelegate.m; sourceTree = "<group>"; };
		176C96F31A9EC68B003FEA3D /* Images.xcassets */ = {isa = PBXFileReference; lastKnownFileType = folder.assetcatalog; path = Images.xcassets; sourceTree = "<group>"; };
		176C96F61A9EC68B003FEA3D /* Base */ = {isa = PBXFileReference; lastKnownFileType = file.xib; name = Base; path = Base.lproj/LaunchScreen.xib; sourceTree = "<group>"; };
		176C96FC1A9EC68C003FEA3D /* SmileyTests.xctest */ = {isa = PBXFileReference; explicitFileType = wrapper.cfbundle; includeInIndex = 0; path = SmileyTests.xctest; sourceTree = BUILT_PRODUCTS_DIR; };
		176C97011A9EC68C003FEA3D /* Info.plist */ = {isa = PBXFileReference; lastKnownFileType = text.plist.xml; path = Info.plist; sourceTree = "<group>"; };
		176C97021A9EC68C003FEA3D /* SmileyTests.m */ = {isa = PBXFileReference; lastKnownFileType = sourcecode.c.objc; path = SmileyTests.m; sourceTree = "<group>"; };
		176C970D1A9EC705003FEA3D /* CanvasViewController.h */ = {isa = PBXFileReference; fileEncoding = 4; lastKnownFileType = sourcecode.c.h; path = CanvasViewController.h; sourceTree = "<group>"; };
		176C970E1A9EC705003FEA3D /* CanvasViewController.m */ = {isa = PBXFileReference; fileEncoding = 4; lastKnownFileType = sourcecode.c.objc; path = CanvasViewController.m; sourceTree = "<group>"; };
		176C970F1A9EC705003FEA3D /* CanvasViewController.xib */ = {isa = PBXFileReference; fileEncoding = 4; lastKnownFileType = file.xib; path = CanvasViewController.xib; sourceTree = "<group>"; };
/* End PBXFileReference section */

/* Begin PBXFrameworksBuildPhase section */
		176C96E01A9EC68B003FEA3D /* Frameworks */ = {
			isa = PBXFrameworksBuildPhase;
			buildActionMask = 2147483647;
			files = (
			);
			runOnlyForDeploymentPostprocessing = 0;
		};
		176C96F91A9EC68C003FEA3D /* Frameworks */ = {
			isa = PBXFrameworksBuildPhase;
			buildActionMask = 2147483647;
			files = (
			);
			runOnlyForDeploymentPostprocessing = 0;
		};
/* End PBXFrameworksBuildPhase section */

/* Begin PBXGroup section */
		176C96DA1A9EC68B003FEA3D = {
			isa = PBXGroup;
			children = (
				176C96E51A9EC68B003FEA3D /* Smiley */,
				176C96FF1A9EC68C003FEA3D /* SmileyTests */,
				176C96E41A9EC68B003FEA3D /* Products */,
			);
			sourceTree = "<group>";
		};
		176C96E41A9EC68B003FEA3D /* Products */ = {
			isa = PBXGroup;
			children = (
				176C96E31A9EC68B003FEA3D /* Smiley.app */,
				176C96FC1A9EC68C003FEA3D /* SmileyTests.xctest */,
			);
			name = Products;
			sourceTree = "<group>";
		};
		176C96E51A9EC68B003FEA3D /* Smiley */ = {
			isa = PBXGroup;
			children = (
				176C970C1A9EC6DA003FEA3D /* ViewController */,
				176C96EA1A9EC68B003FEA3D /* AppDelegate.h */,
				176C96EB1A9EC68B003FEA3D /* AppDelegate.m */,
				176C96F31A9EC68B003FEA3D /* Images.xcassets */,
				176C96F51A9EC68B003FEA3D /* LaunchScreen.xib */,
				176C96E61A9EC68B003FEA3D /* Supporting Files */,
			);
			path = Smiley;
			sourceTree = "<group>";
		};
		176C96E61A9EC68B003FEA3D /* Supporting Files */ = {
			isa = PBXGroup;
			children = (
				176C96E71A9EC68B003FEA3D /* Info.plist */,
				176C96E81A9EC68B003FEA3D /* main.m */,
			);
			name = "Supporting Files";
			sourceTree = "<group>";
		};
		176C96FF1A9EC68C003FEA3D /* SmileyTests */ = {
			isa = PBXGroup;
			children = (
				176C97021A9EC68C003FEA3D /* SmileyTests.m */,
				176C97001A9EC68C003FEA3D /* Supporting Files */,
			);
			path = SmileyTests;
			sourceTree = "<group>";
		};
		176C97001A9EC68C003FEA3D /* Supporting Files */ = {
			isa = PBXGroup;
			children = (
				176C97011A9EC68C003FEA3D /* Info.plist */,
			);
			name = "Supporting Files";
			sourceTree = "<group>";
		};
		176C970C1A9EC6DA003FEA3D /* ViewController */ = {
			isa = PBXGroup;
			children = (
				176C970D1A9EC705003FEA3D /* CanvasViewController.h */,
				176C970E1A9EC705003FEA3D /* CanvasViewController.m */,
				176C970F1A9EC705003FEA3D /* CanvasViewController.xib */,
			);
			name = ViewController;
			sourceTree = "<group>";
		};
/* End PBXGroup section */

/* Begin PBXNativeTarget section */
		176C96E21A9EC68B003FEA3D /* Smiley */ = {
			isa = PBXNativeTarget;
			buildConfigurationList = 176C97061A9EC68C003FEA3D /* Build configuration list for PBXNativeTarget "Smiley" */;
			buildPhases = (
				176C96DF1A9EC68B003FEA3D /* Sources */,
				176C96E01A9EC68B003FEA3D /* Frameworks */,
				176C96E11A9EC68B003FEA3D /* Resources */,
			);
			buildRules = (
			);
			dependencies = (
			);
			name = Smiley;
			productName = Smiley;
			productReference = 176C96E31A9EC68B003FEA3D /* Smiley.app */;
			productType = "com.apple.product-type.application";
		};
		176C96FB1A9EC68C003FEA3D /* SmileyTests */ = {
			isa = PBXNativeTarget;
			buildConfigurationList = 176C97091A9EC68C003FEA3D /* Build configuration list for PBXNativeTarget "SmileyTests" */;
			buildPhases = (
				176C96F81A9EC68C003FEA3D /* Sources */,
				176C96F91A9EC68C003FEA3D /* Frameworks */,
				176C96FA1A9EC68C003FEA3D /* Resources */,
			);
			buildRules = (
			);
			dependencies = (
				176C96FE1A9EC68C003FEA3D /* PBXTargetDependency */,
			);
			name = SmileyTests;
			productName = SmileyTests;
			productReference = 176C96FC1A9EC68C003FEA3D /* SmileyTests.xctest */;
			productType = "com.apple.product-type.bundle.unit-test";
		};
/* End PBXNativeTarget section */

/* Begin PBXProject section */
		176C96DB1A9EC68B003FEA3D /* Project object */ = {
			isa = PBXProject;
			attributes = {
				LastUpgradeCheck = 0610;
				ORGANIZATIONNAME = Box;
				TargetAttributes = {
					176C96E21A9EC68B003FEA3D = {
						CreatedOnToolsVersion = 6.1.1;
					};
					176C96FB1A9EC68C003FEA3D = {
						CreatedOnToolsVersion = 6.1.1;
						TestTargetID = 176C96E21A9EC68B003FEA3D;
					};
				};
			};
			buildConfigurationList = 176C96DE1A9EC68B003FEA3D /* Build configuration list for PBXProject "Smiley" */;
			compatibilityVersion = "Xcode 3.2";
			developmentRegion = English;
			hasScannedForEncodings = 0;
			knownRegions = (
				en,
				Base,
			);
			mainGroup = 176C96DA1A9EC68B003FEA3D;
			productRefGroup = 176C96E41A9EC68B003FEA3D /* Products */;
			projectDirPath = "";
			projectRoot = "";
			targets = (
				176C96E21A9EC68B003FEA3D /* Smiley */,
				176C96FB1A9EC68C003FEA3D /* SmileyTests */,
			);
		};
/* End PBXProject section */

/* Begin PBXResourcesBuildPhase section */
		176C96E11A9EC68B003FEA3D /* Resources */ = {
			isa = PBXResourcesBuildPhase;
			buildActionMask = 2147483647;
			files = (
				176C97111A9EC705003FEA3D /* CanvasViewController.xib in Resources */,
				176C96F71A9EC68B003FEA3D /* LaunchScreen.xib in Resources */,
				176C96F41A9EC68B003FEA3D /* Images.xcassets in Resources */,
			);
			runOnlyForDeploymentPostprocessing = 0;
		};
		176C96FA1A9EC68C003FEA3D /* Resources */ = {
			isa = PBXResourcesBuildPhase;
			buildActionMask = 2147483647;
			files = (
			);
			runOnlyForDeploymentPostprocessing = 0;
		};
/* End PBXResourcesBuildPhase section */

/* Begin PBXSourcesBuildPhase section */
		176C96DF1A9EC68B003FEA3D /* Sources */ = {
			isa = PBXSourcesBuildPhase;
			buildActionMask = 2147483647;
			files = (
				176C97101A9EC705003FEA3D /* CanvasViewController.m in Sources */,
				176C96EC1A9EC68B003FEA3D /* AppDelegate.m in Sources */,
				176C96E91A9EC68B003FEA3D /* main.m in Sources */,
			);
			runOnlyForDeploymentPostprocessing = 0;
		};
		176C96F81A9EC68C003FEA3D /* Sources */ = {
			isa = PBXSourcesBuildPhase;
			buildActionMask = 2147483647;
			files = (
				176C97031A9EC68C003FEA3D /* SmileyTests.m in Sources */,
			);
			runOnlyForDeploymentPostprocessing = 0;
		};
/* End PBXSourcesBuildPhase section */

/* Begin PBXTargetDependency section */
		176C96FE1A9EC68C003FEA3D /* PBXTargetDependency */ = {
			isa = PBXTargetDependency;
			target = 176C96E21A9EC68B003FEA3D /* Smiley */;
			targetProxy = 176C96FD1A9EC68C003FEA3D /* PBXContainerItemProxy */;
		};
/* End PBXTargetDependency section */

/* Begin PBXVariantGroup section */
		176C96F51A9EC68B003FEA3D /* LaunchScreen.xib */ = {
			isa = PBXVariantGroup;
			children = (
				176C96F61A9EC68B003FEA3D /* Base */,
			);
			name = LaunchScreen.xib;
			sourceTree = "<group>";
		};
/* End PBXVariantGroup section */

/* Begin XCBuildConfiguration section */
		176C97041A9EC68C003FEA3D /* Debug */ = {
			isa = XCBuildConfiguration;
			buildSettings = {
				ALWAYS_SEARCH_USER_PATHS = NO;
				CLANG_CXX_LANGUAGE_STANDARD = "gnu++0x";
				CLANG_CXX_LIBRARY = "libc++";
				CLANG_ENABLE_MODULES = YES;
				CLANG_ENABLE_OBJC_ARC = YES;
				CLANG_WARN_BOOL_CONVERSION = YES;
				CLANG_WARN_CONSTANT_CONVERSION = YES;
				CLANG_WARN_DIRECT_OBJC_ISA_USAGE = YES_ERROR;
				CLANG_WARN_EMPTY_BODY = YES;
				CLANG_WARN_ENUM_CONVERSION = YES;
				CLANG_WARN_INT_CONVERSION = YES;
				CLANG_WARN_OBJC_ROOT_CLASS = YES_ERROR;
				CLANG_WARN_UNREACHABLE_CODE = YES;
				CLANG_WARN__DUPLICATE_METHOD_MATCH = YES;
				"CODE_SIGN_IDENTITY[sdk=iphoneos*]" = "iPhone Developer";
				COPY_PHASE_STRIP = NO;
				ENABLE_STRICT_OBJC_MSGSEND = YES;
				GCC_C_LANGUAGE_STANDARD = gnu99;
				GCC_DYNAMIC_NO_PIC = NO;
				GCC_OPTIMIZATION_LEVEL = 0;
				GCC_PREPROCESSOR_DEFINITIONS = (
					"DEBUG=1",
					"$(inherited)",
				);
				GCC_SYMBOLS_PRIVATE_EXTERN = NO;
				GCC_WARN_64_TO_32_BIT_CONVERSION = YES;
				GCC_WARN_ABOUT_RETURN_TYPE = YES_ERROR;
				GCC_WARN_UNDECLARED_SELECTOR = YES;
				GCC_WARN_UNINITIALIZED_AUTOS = YES_AGGRESSIVE;
				GCC_WARN_UNUSED_FUNCTION = YES;
				GCC_WARN_UNUSED_VARIABLE = YES;
				IPHONEOS_DEPLOYMENT_TARGET = 8.1;
				MTL_ENABLE_DEBUG_INFO = YES;
				ONLY_ACTIVE_ARCH = YES;
				SDKROOT = iphoneos;
			};
			name = Debug;
		};
		176C97051A9EC68C003FEA3D /* Release */ = {
			isa = XCBuildConfiguration;
			buildSettings = {
				ALWAYS_SEARCH_USER_PATHS = NO;
				CLANG_CXX_LANGUAGE_STANDARD = "gnu++0x";
				CLANG_CXX_LIBRARY = "libc++";
				CLANG_ENABLE_MODULES = YES;
				CLANG_ENABLE_OBJC_ARC = YES;
				CLANG_WARN_BOOL_CONVERSION = YES;
				CLANG_WARN_CONSTANT_CONVERSION = YES;
				CLANG_WARN_DIRECT_OBJC_ISA_USAGE = YES_ERROR;
				CLANG_WARN_EMPTY_BODY = YES;
				CLANG_WARN_ENUM_CONVERSION = YES;
				CLANG_WARN_INT_CONVERSION = YES;
				CLANG_WARN_OBJC_ROOT_CLASS = YES_ERROR;
				CLANG_WARN_UNREACHABLE_CODE = YES;
				CLANG_WARN__DUPLICATE_METHOD_MATCH = YES;
				"CODE_SIGN_IDENTITY[sdk=iphoneos*]" = "iPhone Developer";
				COPY_PHASE_STRIP = YES;
				ENABLE_NS_ASSERTIONS = NO;
				ENABLE_STRICT_OBJC_MSGSEND = YES;
				GCC_C_LANGUAGE_STANDARD = gnu99;
				GCC_WARN_64_TO_32_BIT_CONVERSION = YES;
				GCC_WARN_ABOUT_RETURN_TYPE = YES_ERROR;
				GCC_WARN_UNDECLARED_SELECTOR = YES;
				GCC_WARN_UNINITIALIZED_AUTOS = YES_AGGRESSIVE;
				GCC_WARN_UNUSED_FUNCTION = YES;
				GCC_WARN_UNUSED_VARIABLE = YES;
				IPHONEOS_DEPLOYMENT_TARGET = 8.1;
				MTL_ENABLE_DEBUG_INFO = NO;
				SDKROOT = iphoneos;
				VALIDATE_PRODUCT = YES;
			};
			name = Release;
		};
		176C97071A9EC68C003FEA3D /* Debug */ = {
			isa = XCBuildConfiguration;
			buildSettings = {
				ASSETCATALOG_COMPILER_APPICON_NAME = AppIcon;
				INFOPLIST_FILE = Smiley/Info.plist;
				LD_RUNPATH_SEARCH_PATHS = "$(inherited) @executable_path/Frameworks";
				PRODUCT_NAME = "$(TARGET_NAME)";
			};
			name = Debug;
		};
		176C97081A9EC68C003FEA3D /* Release */ = {
			isa = XCBuildConfiguration;
			buildSettings = {
				ASSETCATALOG_COMPILER_APPICON_NAME = AppIcon;
				INFOPLIST_FILE = Smiley/Info.plist;
				LD_RUNPATH_SEARCH_PATHS = "$(inherited) @executable_path/Frameworks";
				PRODUCT_NAME = "$(TARGET_NAME)";
			};
			name = Release;
		};
		176C970A1A9EC68C003FEA3D /* Debug */ = {
			isa = XCBuildConfiguration;
			buildSettings = {
				BUNDLE_LOADER = "$(TEST_HOST)";
				FRAMEWORK_SEARCH_PATHS = (
					"$(SDKROOT)/Developer/Library/Frameworks",
					"$(inherited)",
				);
				GCC_PREPROCESSOR_DEFINITIONS = (
					"DEBUG=1",
					"$(inherited)",
				);
				INFOPLIST_FILE = SmileyTests/Info.plist;
				LD_RUNPATH_SEARCH_PATHS = "$(inherited) @executable_path/Frameworks @loader_path/Frameworks";
				PRODUCT_NAME = "$(TARGET_NAME)";
				TEST_HOST = "$(BUILT_PRODUCTS_DIR)/Smiley.app/Smiley";
			};
			name = Debug;
		};
		176C970B1A9EC68C003FEA3D /* Release */ = {
			isa = XCBuildConfiguration;
			buildSettings = {
				BUNDLE_LOADER = "$(TEST_HOST)";
				FRAMEWORK_SEARCH_PATHS = (
					"$(SDKROOT)/Developer/Library/Frameworks",
					"$(inherited)",
				);
				INFOPLIST_FILE = SmileyTests/Info.plist;
				LD_RUNPATH_SEARCH_PATHS = "$(inherited) @executable_path/Frameworks @loader_path/Frameworks";
				PRODUCT_NAME = "$(TARGET_NAME)";
				TEST_HOST = "$(BUILT_PRODUCTS_DIR)/Smiley.app/Smiley";
			};
			name = Release;
		};
/* End XCBuildConfiguration section */

/* Begin XCConfigurationList section */
		176C96DE1A9EC68B003FEA3D /* Build configuration list for PBXProject "Smiley" */ = {
			isa = XCConfigurationList;
			buildConfigurations = (
				176C97041A9EC68C003FEA3D /* Debug */,
				176C97051A9EC68C003FEA3D /* Release */,
			);
			defaultConfigurationIsVisible = 0;
			defaultConfigurationName = Release;
		};
		176C97061A9EC68C003FEA3D /* Build configuration list for PBXNativeTarget "Smiley" */ = {
			isa = XCConfigurationList;
			buildConfigurations = (
				176C97071A9EC68C003FEA3D /* Debug */,
				176C97081A9EC68C003FEA3D /* Release */,
			);
			defaultConfigurationIsVisible = 0;
		};
		176C97091A9EC68C003FEA3D /* Build configuration list for PBXNativeTarget "SmileyTests" */ = {
			isa = XCConfigurationList;
			buildConfigurations = (
				176C970A1A9EC68C003FEA3D /* Debug */,
				176C970B1A9EC68C003FEA3D /* Release */,
			);
			defaultConfigurationIsVisible = 0;
		};
/* End XCConfigurationList section */
	};
	rootObject = 176C96DB1A9EC68B003FEA3D /* Project object */;
}
